
Microsoft Visual Studio Solution File, Format Version 12.00
# Visual Studio Version 17
VisualStudioVersion = 17.2.32630.192
MinimumVisualStudioVersion = 10.0.40219.1
Project("{FAE04EC0-301F-11D3-BF4B-00C04F79EFBC}") = "Formating", "Formating.csproj", "{8660BA5F-9FEE-47C9-A309-9E6093E12F9A}"
EndProject
Global
	GlobalSection(SolutionConfigurationPlatforms) = preSolution
		Debug|Any CPU = Debug|Any CPU
		Release|Any CPU = Release|Any CPU
	EndGlobalSection
	GlobalSection(ProjectConfigurationPlatforms) = postSolution
		{8660BA5F-9FEE-47C9-A309-9E6093E12F9A}.Debug|Any CPU.ActiveCfg = Debug|Any CPU
		{8660BA5F-9FEE-47C9-A309-9E6093E12F9A}.Debug|Any CPU.Build.0 = Debug|Any CPU
		{8660BA5F-9FEE-47C9-A309-9E6093E12F9A}.Release|Any CPU.ActiveCfg = Release|Any CPU
		{8660BA5F-9FEE-47C9-A309-9E6093E12F9A}.Release|Any CPU.Build.0 = Release|Any CPU
	EndGlobalSection
	GlobalSection(SolutionProperties) = preSolution
		HideSolutionNode = FALSE
	EndGlobalSection
	GlobalSection(ExtensibilityGlobals) = postSolution
		SolutionGuid = {BB859890-F11A-4902-B577-0484FE59600C}
	EndGlobalSection
EndGlobal
